
Microsoft Visual Studio Solution File, Format Version 12.00
# Visual Studio Version 16
VisualStudioVersion = 16.0.30804.86
MinimumVisualStudioVersion = 10.0.40219.1
Project("{FAE04EC0-301F-11D3-BF4B-00C04F79EFBC}") = "DariTn", "DariTn\DariTn.csproj", "{76797793-79CD-49F3-BCEA-D7BCD1A0931E}"
EndProject
Global
	GlobalSection(SolutionConfigurationPlatforms) = preSolution
		Debug|Any CPU = Debug|Any CPU
		Release|Any CPU = Release|Any CPU
	EndGlobalSection
	GlobalSection(ProjectConfigurationPlatforms) = postSolution
		{76797793-79CD-49F3-BCEA-D7BCD1A0931E}.Debug|Any CPU.ActiveCfg = Debug|Any CPU
		{76797793-79CD-49F3-BCEA-D7BCD1A0931E}.Debug|Any CPU.Build.0 = Debug|Any CPU
		{76797793-79CD-49F3-BCEA-D7BCD1A0931E}.Release|Any CPU.ActiveCfg = Release|Any CPU
		{76797793-79CD-49F3-BCEA-D7BCD1A0931E}.Release|Any CPU.Build.0 = Release|Any CPU
	EndGlobalSection
	GlobalSection(SolutionProperties) = preSolution
		HideSolutionNode = FALSE
	EndGlobalSection
	GlobalSection(ExtensibilityGlobals) = postSolution
		SolutionGuid = {FC346ECA-D5A2-4DCD-9B10-8147F4920ECD}
	EndGlobalSection
EndGlobal
